
Microsoft Visual Studio Solution File, Format Version 12.00
# Visual Studio Version 16
VisualStudioVersion = 16.0.31410.357
MinimumVisualStudioVersion = 10.0.40219.1
Project("{8BC9CEB8-8B4A-11D0-8D11-00A0C91BC942}") = "ConsoleApplication3", "ConsoleApplication3.vcxproj", "{D7FF47D9-8027-4CE6-B8B5-9576AA549240}"
EndProject
Global
	GlobalSection(SolutionConfigurationPlatforms) = preSolution
		Debug|x64 = Debug|x64
		Debug|x86 = Debug|x86
		Release|x64 = Release|x64
		Release|x86 = Release|x86
	EndGlobalSection
	GlobalSection(ProjectConfigurationPlatforms) = postSolution
		{D7FF47D9-8027-4CE6-B8B5-9576AA549240}.Debug|x64.ActiveCfg = Debug|x64
		{D7FF47D9-8027-4CE6-B8B5-9576AA549240}.Debug|x64.Build.0 = Debug|x64
		{D7FF47D9-8027-4CE6-B8B5-9576AA549240}.Debug|x86.ActiveCfg = Debug|Win32
		{D7FF47D9-8027-4CE6-B8B5-9576AA549240}.Debug|x86.Build.0 = Debug|Win32
		{D7FF47D9-8027-4CE6-B8B5-9576AA549240}.Release|x64.ActiveCfg = Release|x64
		{D7FF47D9-8027-4CE6-B8B5-9576AA549240}.Release|x64.Build.0 = Release|x64
		{D7FF47D9-8027-4CE6-B8B5-9576AA549240}.Release|x86.ActiveCfg = Release|Win32
		{D7FF47D9-8027-4CE6-B8B5-9576AA549240}.Release|x86.Build.0 = Release|Win32
	EndGlobalSection
	GlobalSection(SolutionProperties) = preSolution
		HideSolutionNode = FALSE
	EndGlobalSection
	GlobalSection(ExtensibilityGlobals) = postSolution
		SolutionGuid = {B20EBF5B-5F95-4403-B5A2-3DF0D219B731}
	EndGlobalSection
EndGlobal
